
Microsoft Visual Studio Solution File, Format Version 12.00
# Visual Studio 15
VisualStudioVersion = 15.0.28307.1062
MinimumVisualStudioVersion = 10.0.40219.1
Project("{FAE04EC0-301F-11D3-BF4B-00C04F79EFBC}") = "WorkingTimeRecorder", "WorkingTimeRecorder\WorkingTimeRecorder.csproj", "{3EB6955B-ADF2-452C-BA1B-1A72F85FDA93}"
EndProject
Project("{FAE04EC0-301F-11D3-BF4B-00C04F79EFBC}") = "FileVersion", "FileVersion\FileVersion.csproj", "{1ABB02C8-41F3-4C0A-94F7-857B156474CC}"
EndProject
Global
	GlobalSection(SolutionConfigurationPlatforms) = preSolution
		Debug|Any CPU = Debug|Any CPU
		Release|Any CPU = Release|Any CPU
	EndGlobalSection
	GlobalSection(ProjectConfigurationPlatforms) = postSolution
		{3EB6955B-ADF2-452C-BA1B-1A72F85FDA93}.Debug|Any CPU.ActiveCfg = Debug|Any CPU
		{3EB6955B-ADF2-452C-BA1B-1A72F85FDA93}.Debug|Any CPU.Build.0 = Debug|Any CPU
		{3EB6955B-ADF2-452C-BA1B-1A72F85FDA93}.Release|Any CPU.ActiveCfg = Release|Any CPU
		{3EB6955B-ADF2-452C-BA1B-1A72F85FDA93}.Release|Any CPU.Build.0 = Release|Any CPU
		{1ABB02C8-41F3-4C0A-94F7-857B156474CC}.Debug|Any CPU.ActiveCfg = Debug|Any CPU
		{1ABB02C8-41F3-4C0A-94F7-857B156474CC}.Debug|Any CPU.Build.0 = Debug|Any CPU
		{1ABB02C8-41F3-4C0A-94F7-857B156474CC}.Release|Any CPU.ActiveCfg = Release|Any CPU
		{1ABB02C8-41F3-4C0A-94F7-857B156474CC}.Release|Any CPU.Build.0 = Release|Any CPU
	EndGlobalSection
	GlobalSection(SolutionProperties) = preSolution
		HideSolutionNode = FALSE
	EndGlobalSection
	GlobalSection(ExtensibilityGlobals) = postSolution
		SolutionGuid = {45A310FF-AB7A-4236-B0A1-AD108F44FE64}
	EndGlobalSection
EndGlobal
